
Microsoft Visual Studio Solution File, Format Version 12.00
# Visual Studio Version 16
VisualStudioVersion = 16.0.31605.320
MinimumVisualStudioVersion = 10.0.40219.1
Project("{778DAE3C-4631-46EA-AA77-85C1314464D9}") = "FileWorxClient", "Windows_Form\FileWorxClient.vbproj", "{3E7E2D9D-9D8A-4EE1-A1C3-8B89B722E79C}"
EndProject
Project("{778DAE3C-4631-46EA-AA77-85C1314464D9}") = "FileWorxObjects", "FileWorxObjects\FileWorxObjects.vbproj", "{57D7957B-9AF3-49B6-94CB-159E23D6229C}"
EndProject
Project("{9A19103F-16F7-4668-BE54-9A1E7A4F7556}") = "ApiClients", "ApiClients\ApiClients.csproj", "{65BCEE46-0FE0-4A26-BB53-018BD2D57467}"
EndProject
Project("{9A19103F-16F7-4668-BE54-9A1E7A4F7556}") = "ApiServer", "ApiServer\ApiServer.csproj", "{835DB8EB-9DFB-4001-AB33-DAAC3874B561}"
EndProject
Project("{9A19103F-16F7-4668-BE54-9A1E7A4F7556}") = "WorkerServiceContact", "WorkerServiceContact\WorkerServiceContact.csproj", "{D30514BC-E4CD-43A3-8656-100EA1DA5A8C}"
EndProject
Project("{9A19103F-16F7-4668-BE54-9A1E7A4F7556}") = "DTO", "DTO\DTO.csproj", "{6A061077-B62E-4A3B-9650-8B4B18987AA0}"
EndProject
Project("{FAE04EC0-301F-11D3-BF4B-00C04F79EFBC}") = "WebCrawlerWorkerService", "WebCrawlerWorkerService\WebCrawlerWorkerService.csproj", "{CB69D602-D681-4858-B1AA-F06EBE9EDD30}"
EndProject
Global
	GlobalSection(SolutionConfigurationPlatforms) = preSolution
		Debug|Any CPU = Debug|Any CPU
		Release|Any CPU = Release|Any CPU
	EndGlobalSection
	GlobalSection(ProjectConfigurationPlatforms) = postSolution
		{3E7E2D9D-9D8A-4EE1-A1C3-8B89B722E79C}.Debug|Any CPU.ActiveCfg = Debug|Any CPU
		{3E7E2D9D-9D8A-4EE1-A1C3-8B89B722E79C}.Debug|Any CPU.Build.0 = Debug|Any CPU
		{3E7E2D9D-9D8A-4EE1-A1C3-8B89B722E79C}.Release|Any CPU.ActiveCfg = Release|Any CPU
		{3E7E2D9D-9D8A-4EE1-A1C3-8B89B722E79C}.Release|Any CPU.Build.0 = Release|Any CPU
		{57D7957B-9AF3-49B6-94CB-159E23D6229C}.Debug|Any CPU.ActiveCfg = Debug|Any CPU
		{57D7957B-9AF3-49B6-94CB-159E23D6229C}.Debug|Any CPU.Build.0 = Debug|Any CPU
		{57D7957B-9AF3-49B6-94CB-159E23D6229C}.Release|Any CPU.ActiveCfg = Release|Any CPU
		{57D7957B-9AF3-49B6-94CB-159E23D6229C}.Release|Any CPU.Build.0 = Release|Any CPU
		{65BCEE46-0FE0-4A26-BB53-018BD2D57467}.Debug|Any CPU.ActiveCfg = Debug|Any CPU
		{65BCEE46-0FE0-4A26-BB53-018BD2D57467}.Debug|Any CPU.Build.0 = Debug|Any CPU
		{65BCEE46-0FE0-4A26-BB53-018BD2D57467}.Release|Any CPU.ActiveCfg = Release|Any CPU
		{65BCEE46-0FE0-4A26-BB53-018BD2D57467}.Release|Any CPU.Build.0 = Release|Any CPU
		{835DB8EB-9DFB-4001-AB33-DAAC3874B561}.Debug|Any CPU.ActiveCfg = Debug|Any CPU
		{835DB8EB-9DFB-4001-AB33-DAAC3874B561}.Debug|Any CPU.Build.0 = Debug|Any CPU
		{835DB8EB-9DFB-4001-AB33-DAAC3874B561}.Release|Any CPU.ActiveCfg = Release|Any CPU
		{835DB8EB-9DFB-4001-AB33-DAAC3874B561}.Release|Any CPU.Build.0 = Release|Any CPU
		{D30514BC-E4CD-43A3-8656-100EA1DA5A8C}.Debug|Any CPU.ActiveCfg = Debug|Any CPU
		{D30514BC-E4CD-43A3-8656-100EA1DA5A8C}.Debug|Any CPU.Build.0 = Debug|Any CPU
		{D30514BC-E4CD-43A3-8656-100EA1DA5A8C}.Release|Any CPU.ActiveCfg = Release|Any CPU
		{D30514BC-E4CD-43A3-8656-100EA1DA5A8C}.Release|Any CPU.Build.0 = Release|Any CPU
		{6A061077-B62E-4A3B-9650-8B4B18987AA0}.Debug|Any CPU.ActiveCfg = Debug|Any CPU
		{6A061077-B62E-4A3B-9650-8B4B18987AA0}.Debug|Any CPU.Build.0 = Debug|Any CPU
		{6A061077-B62E-4A3B-9650-8B4B18987AA0}.Release|Any CPU.ActiveCfg = Release|Any CPU
		{6A061077-B62E-4A3B-9650-8B4B18987AA0}.Release|Any CPU.Build.0 = Release|Any CPU
		{CB69D602-D681-4858-B1AA-F06EBE9EDD30}.Debug|Any CPU.ActiveCfg = Debug|Any CPU
		{CB69D602-D681-4858-B1AA-F06EBE9EDD30}.Debug|Any CPU.Build.0 = Debug|Any CPU
		{CB69D602-D681-4858-B1AA-F06EBE9EDD30}.Release|Any CPU.ActiveCfg = Release|Any CPU
		{CB69D602-D681-4858-B1AA-F06EBE9EDD30}.Release|Any CPU.Build.0 = Release|Any CPU
	EndGlobalSection
	GlobalSection(SolutionProperties) = preSolution
		HideSolutionNode = FALSE
	EndGlobalSection
	GlobalSection(ExtensibilityGlobals) = postSolution
		SolutionGuid = {B75EAF59-A0C4-447F-A541-BB7BF35CC079}
	EndGlobalSection
EndGlobal
